
Microsoft Visual Studio Solution File, Format Version 12.00
# Visual Studio Version 16
VisualStudioVersion = 16.0.30503.244
MinimumVisualStudioVersion = 10.0.40219.1
Project("{FAE04EC0-301F-11D3-BF4B-00C04F79EFBC}") = "курсач  2021", "пробный\курсач  2021.csproj", "{967A277A-3884-4D47-B0A6-40C51BA3E344}"
EndProject
Global
	GlobalSection(SolutionConfigurationPlatforms) = preSolution
		Debug|Any CPU = Debug|Any CPU
		Release|Any CPU = Release|Any CPU
	EndGlobalSection
	GlobalSection(ProjectConfigurationPlatforms) = postSolution
		{967A277A-3884-4D47-B0A6-40C51BA3E344}.Debug|Any CPU.ActiveCfg = Debug|Any CPU
		{967A277A-3884-4D47-B0A6-40C51BA3E344}.Debug|Any CPU.Build.0 = Debug|Any CPU
		{967A277A-3884-4D47-B0A6-40C51BA3E344}.Release|Any CPU.ActiveCfg = Release|Any CPU
		{967A277A-3884-4D47-B0A6-40C51BA3E344}.Release|Any CPU.Build.0 = Release|Any CPU
	EndGlobalSection
	GlobalSection(SolutionProperties) = preSolution
		HideSolutionNode = FALSE
	EndGlobalSection
	GlobalSection(ExtensibilityGlobals) = postSolution
		SolutionGuid = {1D326845-AA12-4062-9084-F1DF82E4C7A6}
	EndGlobalSection
EndGlobal
